
Microsoft Visual Studio Solution File, Format Version 12.00
# Visual Studio Version 17
VisualStudioVersion = 17.7.34003.232
MinimumVisualStudioVersion = 10.0.40219.1
Project("{9A19103F-16F7-4668-BE54-9A1E7A4F7556}") = "FSEProject2", "FSEProject2\FSEProject2.csproj", "{6A39C8A9-4188-42B2-950D-A1065EC0F450}"
EndProject
Project("{9A19103F-16F7-4668-BE54-9A1E7A4F7556}") = "FSEProject2Tests", "FSEProject2Tests\FSEProject2Tests.csproj", "{59F67B40-1FEB-42F7-AD29-D3588D819294}"
EndProject
Global
	GlobalSection(SolutionConfigurationPlatforms) = preSolution
		Debug|Any CPU = Debug|Any CPU
		Release|Any CPU = Release|Any CPU
	EndGlobalSection
	GlobalSection(ProjectConfigurationPlatforms) = postSolution
		{6A39C8A9-4188-42B2-950D-A1065EC0F450}.Debug|Any CPU.ActiveCfg = Debug|Any CPU
		{6A39C8A9-4188-42B2-950D-A1065EC0F450}.Debug|Any CPU.Build.0 = Debug|Any CPU
		{6A39C8A9-4188-42B2-950D-A1065EC0F450}.Release|Any CPU.ActiveCfg = Release|Any CPU
		{6A39C8A9-4188-42B2-950D-A1065EC0F450}.Release|Any CPU.Build.0 = Release|Any CPU
		{59F67B40-1FEB-42F7-AD29-D3588D819294}.Debug|Any CPU.ActiveCfg = Debug|Any CPU
		{59F67B40-1FEB-42F7-AD29-D3588D819294}.Debug|Any CPU.Build.0 = Debug|Any CPU
		{59F67B40-1FEB-42F7-AD29-D3588D819294}.Release|Any CPU.ActiveCfg = Release|Any CPU
		{59F67B40-1FEB-42F7-AD29-D3588D819294}.Release|Any CPU.Build.0 = Release|Any CPU
	EndGlobalSection
	GlobalSection(SolutionProperties) = preSolution
		HideSolutionNode = FALSE
	EndGlobalSection
	GlobalSection(ExtensibilityGlobals) = postSolution
		SolutionGuid = {52AD0F52-F999-464C-A59D-9D267F743E5C}
	EndGlobalSection
EndGlobal
